
Microsoft Visual Studio Solution File, Format Version 12.00
# Visual Studio Version 17
VisualStudioVersion = 17.4.33122.133
MinimumVisualStudioVersion = 10.0.40219.1
Project("{9A19103F-16F7-4668-BE54-9A1E7A4F7556}") = "SeleniumTestProject", ".\Selenium.Test.Project\SeleniumTestProject.csproj", "{53D8E913-DFBA-4780-88E7-6F0A28DFDA3F}"
EndProject
Project("{2150E333-8FDC-42A3-9474-1A3956D46DE8}") = "Solution Items", "Solution Items", "{C98230CE-D65F-4E69-BEC8-3AAA5517C9CE}"
	ProjectSection(SolutionItems) = preProject
		.editorconfig = .editorconfig
	EndProjectSection
EndProject
Project("{FAE04EC0-301F-11D3-BF4B-00C04F79EFBC}") = "ApiTestProject", ".\Api.Test.Project\ApiTestProject.csproj", "{3408DE16-8C9D-4EA4-AD27-18BF4D131A74}"
EndProject
Global
	GlobalSection(SolutionConfigurationPlatforms) = preSolution
		Debug|Any CPU = Debug|Any CPU
		Release|Any CPU = Release|Any CPU
	EndGlobalSection
	GlobalSection(ProjectConfigurationPlatforms) = postSolution
		{53D8E913-DFBA-4780-88E7-6F0A28DFDA3F}.Debug|Any CPU.ActiveCfg = Debug|Any CPU
		{53D8E913-DFBA-4780-88E7-6F0A28DFDA3F}.Debug|Any CPU.Build.0 = Debug|Any CPU
		{53D8E913-DFBA-4780-88E7-6F0A28DFDA3F}.Release|Any CPU.ActiveCfg = Release|Any CPU
		{53D8E913-DFBA-4780-88E7-6F0A28DFDA3F}.Release|Any CPU.Build.0 = Release|Any CPU
		{3408DE16-8C9D-4EA4-AD27-18BF4D131A74}.Debug|Any CPU.ActiveCfg = Debug|Any CPU
		{3408DE16-8C9D-4EA4-AD27-18BF4D131A74}.Debug|Any CPU.Build.0 = Debug|Any CPU
		{3408DE16-8C9D-4EA4-AD27-18BF4D131A74}.Release|Any CPU.ActiveCfg = Release|Any CPU
		{3408DE16-8C9D-4EA4-AD27-18BF4D131A74}.Release|Any CPU.Build.0 = Release|Any CPU
	EndGlobalSection
	GlobalSection(SolutionProperties) = preSolution
		HideSolutionNode = FALSE
	EndGlobalSection
	GlobalSection(ExtensibilityGlobals) = postSolution
		SolutionGuid = {AA693F10-C676-44DD-B548-FBE0550D77F9}
	EndGlobalSection
EndGlobal
